{"format_version":"0.1","terraform_version":"0.15.1","variables":{"auto_create_subnetworks":{"value":"false"},"enable_flow_logs":{"value":true},"name":{"value":"cc-demo"},"private_ip_google_access":{"value":true},"project":{"value":"cc-devsecops"},"routing_mode":{"value":"GLOBAL"},"subnetworks":{"value":null}},"planned_values":{"root_module":{"resources":[{"address":"google_compute_network.custom-test","mode":"managed","type":"google_compute_network","name":"custom-test","provider_name":"registry.terraform.io/hashicorp/google","schema_version":0,"values":{"auto_create_subnetworks":false,"delete_default_routes_on_create":false,"description":null,"name":"log-test-network","timeouts":null}},{"address":"google_compute_network.default","mode":"managed","type":"google_compute_network","name":"default","provider_name":"registry.terraform.io/hashicorp/google","schema_version":0,"values":{"auto_create_subnetworks":false,"delete_default_routes_on_create":false,"description":null,"name":"cc-demo","project":"cc-devsecops","routing_mode":"GLOBAL","timeouts":null}},{"address":"google_compute_subnetwork.subnet-with-logging","mode":"managed","type":"google_compute_subnetwork","name":"subnet-with-logging","provider_name":"registry.terraform.io/hashicorp/google","schema_version":0,"values":{"description":null,"ip_cidr_range":"10.2.0.0/16","log_config":[{"aggregation_interval":"INTERVAL_10_MIN","filter_expr":"true","flow_sampling":0.5,"metadata":"INCLUDE_ALL_METADATA","metadata_fields":null}],"name":"log-test-subnetwork","private_ip_google_access":null,"region":"us-central1","timeouts":null}}]}},"resource_changes":[{"address":"google_compute_network.custom-test","mode":"managed","type":"google_compute_network","name":"custom-test","provider_name":"registry.terraform.io/hashicorp/google","change":{"actions":["create"],"before":null,"after":{"auto_create_subnetworks":false,"delete_default_routes_on_create":false,"description":null,"name":"log-test-network","timeouts":null},"after_unknown":{"gateway_ipv4":true,"id":true,"mtu":true,"project":true,"routing_mode":true,"self_link":true},"before_sensitive":false,"after_sensitive":{}}},{"address":"google_compute_network.default","mode":"managed","type":"google_compute_network","name":"default","provider_name":"registry.terraform.io/hashicorp/google","change":{"actions":["create"],"before":null,"after":{"auto_create_subnetworks":false,"delete_default_routes_on_create":false,"description":null,"name":"cc-demo","project":"cc-devsecops","routing_mode":"GLOBAL","timeouts":null},"after_unknown":{"gateway_ipv4":true,"id":true,"mtu":true,"self_link":true},"before_sensitive":false,"after_sensitive":{}}},{"address":"google_compute_subnetwork.subnet-with-logging","mode":"managed","type":"google_compute_subnetwork","name":"subnet-with-logging","provider_name":"registry.terraform.io/hashicorp/google","change":{"actions":["create"],"before":null,"after":{"description":null,"ip_cidr_range":"10.2.0.0/16","log_config":[{"aggregation_interval":"INTERVAL_10_MIN","filter_expr":"true","flow_sampling":0.5,"metadata":"INCLUDE_ALL_METADATA","metadata_fields":null}],"name":"log-test-subnetwork","private_ip_google_access":null,"region":"us-central1","timeouts":null},"after_unknown":{"creation_timestamp":true,"fingerprint":true,"gateway_address":true,"id":true,"log_config":[{}],"network":true,"private_ipv6_google_access":true,"project":true,"secondary_ip_range":true,"self_link":true},"before_sensitive":false,"after_sensitive":{"log_config":[{}],"secondary_ip_range":[]}}}],"prior_state":{"format_version":"0.1","terraform_version":"0.15.1","values":{"root_module":{"resources":[{"address":"data.google_client_config.default","mode":"data","type":"google_client_config","name":"default","provider_name":"registry.terraform.io/hashicorp/google","schema_version":0,"values":{"access_token":"ya29.a0AfH6SMB9eSikWuV-W1rFXvr0_vx0ReFVwIOnLICbioZQOIFWX9nZQln_v4JkHigA45_7e-SEhecek35frcbRJLF1LUAyusbjftsTswptUkAlFpxcTL4pLLejfnk6FdEJyqHz0KskSctWMnqUL0um0CkhE8UY8lM","id":"projects/cc-devsecops/regions/us-west-2/zones/","project":"cc-devsecops","region":"us-west-2","zone":""}}]}}},"configuration":{"provider_config":{"google":{"name":"google","version_constraint":"3.66.1","expressions":{"project":{"references":["var.project"]},"region":{"constant_value":"us-west-2"}}}},"root_module":{"resources":[{"address":"google_compute_network.custom-test","mode":"managed","type":"google_compute_network","name":"custom-test","provider_config_key":"google","expressions":{"auto_create_subnetworks":{"constant_value":false},"name":{"constant_value":"log-test-network"}},"schema_version":0},{"address":"google_compute_network.default","mode":"managed","type":"google_compute_network","name":"default","provider_config_key":"google","expressions":{"auto_create_subnetworks":{"references":["var.auto_create_subnetworks"]},"name":{"references":["var.name"]},"project":{"references":["local.project-id"]},"routing_mode":{"references":["var.routing_mode"]}},"schema_version":0},{"address":"google_compute_subnetwork.subnet-with-logging","mode":"managed","type":"google_compute_subnetwork","name":"subnet-with-logging","provider_config_key":"google","expressions":{"ip_cidr_range":{"constant_value":"10.2.0.0/16"},"log_config":[{"aggregation_interval":{"constant_value":"INTERVAL_10_MIN"},"flow_sampling":{"constant_value":0.5},"metadata":{"constant_value":"INCLUDE_ALL_METADATA"}}],"name":{"constant_value":"log-test-subnetwork"},"network":{"references":["google_compute_network.default"]},"region":{"constant_value":"us-central1"}},"schema_version":0},{"address":"data.google_client_config.default","mode":"data","type":"google_client_config","name":"default","provider_config_key":"google","schema_version":0}],"variables":{"auto_create_subnetworks":{"default":"false","description":"If set to true, this network will be created in auto subnet mode, and Google will create a subnet for each region automatically. If set to false, a custom subnetted network will be created that can support google_compute_subnetwork resources."},"enable_flow_logs":{"default":true,"description":"Whether to enable flow logging for this subnetwork."},"name":{"default":"cc-demo","description":"The name of the VPC being created.[[[=]]]"},"private_ip_google_access":{"default":true,"description":"Whether the VMs in this subnet can access Google services without assigned external IP addresses."},"project":{"default":"cc-devsecops","description":"The project in which the resource belongs. If it is not provided, the provider project is used."},"routing_mode":{"default":"GLOBAL","description":"Sets the network-wide routing mode for Cloud Routers to use. Accepted values are GLOBAL or REGIONAL."},"subnetworks":{"default":null,"description":"Define subnetwork detail for VPC"}}}}}
